{
    "name": "dxf-3d-loader",
    "version": "1.0.19+pix4d.1",
    "lockfileVersion": 3,
    "requires": true,
    "packages": {
        "": {
            "name": "dxf-3d-loader",
            "version": "1.0.19+pix4d.1",
            "license": "Mozilla Public License 2.0",
            "dependencies": {
                "@types/three": "^0.144.0",
                "loglevel": "^1.8.0",
                "opentype.js": "^1.3.4",
                "three": "^0.146.0"
            }
        },
        "node_modules/@types/three": {
            "version": "0.144.0",
            "resolved": "https://registry.npmjs.org/@types/three/-/three-0.144.0.tgz",
            "integrity": "sha512-psvEs6q5rLN50jUYZ3D4pZMfxTbdt3A243blt0my7/NcL6chaCZpHe2csbCtx0SOD9fI/XnF3wnVUAYZGqCSYg==",
            "dependencies": {
                "@types/webxr": "*"
            }
        },
        "node_modules/@types/webxr": {
            "version": "0.5.21",
            "resolved": "https://registry.npmjs.org/@types/webxr/-/webxr-0.5.21.tgz",
            "integrity": "sha512-geZIAtLzjGmgY2JUi6VxXdCrTb99A7yP49lxLr2Nm/uIK0PkkxcEi4OGhoGDO4pxCf3JwGz2GiJL2Ej4K2bKaA=="
        },
        "node_modules/loglevel": {
            "version": "1.8.0",
            "resolved": "https://registry.npmjs.org/loglevel/-/loglevel-1.8.0.tgz",
            "integrity": "sha512-G6A/nJLRgWOuuwdNuA6koovfEV1YpqqAG4pRUlFaz3jj2QNZ8M4vBqnVA+HBTmU/AMNUtlOsMmSpF6NyOjztbA==",
            "engines": {
                "node": ">= 0.6.0"
            },
            "funding": {
                "type": "tidelift",
                "url": "https://tidelift.com/funding/github/npm/loglevel"
            }
        },
        "node_modules/opentype.js": {
            "version": "1.3.4",
            "resolved": "https://registry.npmjs.org/opentype.js/-/opentype.js-1.3.4.tgz",
            "integrity": "sha512-d2JE9RP/6uagpQAVtJoF0pJJA/fgai89Cc50Yp0EJHk+eLp6QQ7gBoblsnubRULNY132I0J1QKMJ+JTbMqz4sw==",
            "dependencies": {
                "string.prototype.codepointat": "^0.2.1",
                "tiny-inflate": "^1.0.3"
            },
            "bin": {
                "ot": "bin/ot"
            },
            "engines": {
                "node": ">= 8.0.0"
            }
        },
        "node_modules/string.prototype.codepointat": {
            "version": "0.2.1",
            "resolved": "https://registry.npmjs.org/string.prototype.codepointat/-/string.prototype.codepointat-0.2.1.tgz",
            "integrity": "sha512-2cBVCj6I4IOvEnjgO/hWqXjqBGsY+zwPmHl12Srk9IXSZ56Jwwmy+66XO5Iut/oQVR7t5ihYdLB0GMa4alEUcg=="
        },
        "node_modules/three": {
            "version": "0.146.0",
            "resolved": "https://registry.npmjs.org/three/-/three-0.146.0.tgz",
            "integrity": "sha512-1lvNfLezN6OJ9NaFAhfX4sm5e9YCzHtaRgZ1+B4C+Hv6TibRMsuBAM5/wVKzxjpYIlMymvgsHEFrrigEfXnb2A=="
        },
        "node_modules/tiny-inflate": {
            "version": "1.0.3",
            "resolved": "https://registry.npmjs.org/tiny-inflate/-/tiny-inflate-1.0.3.tgz",
            "integrity": "sha512-pkY1fj1cKHb2seWDy0B16HeWyczlJA9/WW3u3c4z/NiWDsO3DOU5D7nhTLE9CF0yXv/QZFY7sEJmj24dK+Rrqw=="
        }
    }
}
